{
  "name": "portfolio-sdk",
  "version": "1.0.0",
  "lockfileVersion": 3,
  "requires": true,
  "packages": {
    "": {
      "name": "portfolio-sdk",
      "version": "1.0.0",
      "license": "ISC",
      "dependencies": {
        "@directus/sdk": "^19.0.1"
      },
      "devDependencies": {
        "typescript": "^5.8.2"
      }
    },
    "node_modules/@directus/sdk": {
      "version": "19.0.1",
      "resolved": "https://registry.npmjs.org/@directus/sdk/-/sdk-19.0.1.tgz",
      "integrity": "sha512-6KwWedA/vxrMN2aRm5L52TEgB+42vkz0Ae8kwOitHuBPT4VWtUNOXenzaHnZyXyNrEgh/VBLJ36f3UEe3b/Wfw==",
      "license": "MIT",
      "engines": {
        "node": ">=22"
      },
      "funding": {
        "url": "https://github.com/directus/directus?sponsor=1"
      }
    },
    "node_modules/typescript": {
      "version": "5.8.2",
      "resolved": "https://registry.npmjs.org/typescript/-/typescript-5.8.2.tgz",
      "integrity": "sha512-aJn6wq13/afZp/jT9QZmwEjDqqvSGp1VT5GVg+f/t6/oVyrgXM6BY1h9BRh/O5p3PlUPAe+WuiEZOmb/49RqoQ==",
      "dev": true,
      "license": "Apache-2.0",
      "bin": {
        "tsc": "bin/tsc",
        "tsserver": "bin/tsserver"
      },
      "engines": {
        "node": ">=14.17"
      }
    }
  }
}
